
Microsoft Visual Studio Solution File, Format Version 12.00
# Visual Studio 15
VisualStudioVersion = 15.0.28307.1145
MinimumVisualStudioVersion = 10.0.40219.1
Project("{FAE04EC0-301F-11D3-BF4B-00C04F79EFBC}") = "jietu2", "jietu2\jietu2.csproj", "{76B0F0D7-A767-4FA5-89EC-573D0ECAF817}"
EndProject
Global
	GlobalSection(SolutionConfigurationPlatforms) = preSolution
		Debug|Any CPU = Debug|Any CPU
		Release|Any CPU = Release|Any CPU
	EndGlobalSection
	GlobalSection(ProjectConfigurationPlatforms) = postSolution
		{76B0F0D7-A767-4FA5-89EC-573D0ECAF817}.Debug|Any CPU.ActiveCfg = Debug|Any CPU
		{76B0F0D7-A767-4FA5-89EC-573D0ECAF817}.Debug|Any CPU.Build.0 = Debug|Any CPU
		{76B0F0D7-A767-4FA5-89EC-573D0ECAF817}.Release|Any CPU.ActiveCfg = Release|Any CPU
		{76B0F0D7-A767-4FA5-89EC-573D0ECAF817}.Release|Any CPU.Build.0 = Release|Any CPU
	EndGlobalSection
	GlobalSection(SolutionProperties) = preSolution
		HideSolutionNode = FALSE
	EndGlobalSection
	GlobalSection(ExtensibilityGlobals) = postSolution
		SolutionGuid = {2926D2F2-BBF3-40D5-83A9-9E6D17C94E26}
	EndGlobalSection
EndGlobal
